
Microsoft Visual Studio Solution File, Format Version 12.00
# Visual Studio Version 16
VisualStudioVersion = 16.0.31702.278
MinimumVisualStudioVersion = 10.0.40219.1
Project("{FAE04EC0-301F-11D3-BF4B-00C04F79EFBC}") = "galgje project final", "galgje project final\galgje project final.csproj", "{C3A0C807-F831-4952-B726-2F62830E26A3}"
EndProject
Global
	GlobalSection(SolutionConfigurationPlatforms) = preSolution
		Debug|Any CPU = Debug|Any CPU
		Release|Any CPU = Release|Any CPU
	EndGlobalSection
	GlobalSection(ProjectConfigurationPlatforms) = postSolution
		{C3A0C807-F831-4952-B726-2F62830E26A3}.Debug|Any CPU.ActiveCfg = Debug|Any CPU
		{C3A0C807-F831-4952-B726-2F62830E26A3}.Debug|Any CPU.Build.0 = Debug|Any CPU
		{C3A0C807-F831-4952-B726-2F62830E26A3}.Release|Any CPU.ActiveCfg = Release|Any CPU
		{C3A0C807-F831-4952-B726-2F62830E26A3}.Release|Any CPU.Build.0 = Release|Any CPU
	EndGlobalSection
	GlobalSection(SolutionProperties) = preSolution
		HideSolutionNode = FALSE
	EndGlobalSection
	GlobalSection(ExtensibilityGlobals) = postSolution
		SolutionGuid = {D71A7516-17B6-4010-AED7-E13C05002011}
	EndGlobalSection
EndGlobal
